
Microsoft Visual Studio Solution File, Format Version 12.00
# Visual Studio Version 17
VisualStudioVersion = 17.9.34607.119
MinimumVisualStudioVersion = 10.0.40219.1
Project("{FAE04EC0-301F-11D3-BF4B-00C04F79EFBC}") = "Ejemplo en clase", "Ejemplo en clase\Ejemplo en clase.csproj", "{4D8D0ECD-ECA0-42F6-BAAF-A47AFE99699B}"
EndProject
Global
	GlobalSection(SolutionConfigurationPlatforms) = preSolution
		Debug|Any CPU = Debug|Any CPU
		Release|Any CPU = Release|Any CPU
	EndGlobalSection
	GlobalSection(ProjectConfigurationPlatforms) = postSolution
		{4D8D0ECD-ECA0-42F6-BAAF-A47AFE99699B}.Debug|Any CPU.ActiveCfg = Debug|Any CPU
		{4D8D0ECD-ECA0-42F6-BAAF-A47AFE99699B}.Debug|Any CPU.Build.0 = Debug|Any CPU
		{4D8D0ECD-ECA0-42F6-BAAF-A47AFE99699B}.Release|Any CPU.ActiveCfg = Release|Any CPU
		{4D8D0ECD-ECA0-42F6-BAAF-A47AFE99699B}.Release|Any CPU.Build.0 = Release|Any CPU
	EndGlobalSection
	GlobalSection(SolutionProperties) = preSolution
		HideSolutionNode = FALSE
	EndGlobalSection
	GlobalSection(ExtensibilityGlobals) = postSolution
		SolutionGuid = {1C7BB3A3-543E-4734-87EC-0429CD1A180E}
	EndGlobalSection
EndGlobal
